
Microsoft Visual Studio Solution File, Format Version 12.00
# Visual Studio Version 17
VisualStudioVersion = 17.4.33205.214
MinimumVisualStudioVersion = 10.0.40219.1
Project("{2150E333-8FDC-42A3-9474-1A3956D46DE8}") = "Services", "Services", "{329FB952-0C7B-416C-B5DB-4751BF886350}"
EndProject
Project("{2150E333-8FDC-42A3-9474-1A3956D46DE8}") = "Catalog", "Catalog", "{D6E84B93-DD8C-4C83-9D94-118978FD9735}"
EndProject
Project("{9A19103F-16F7-4668-BE54-9A1E7A4F7556}") = "ECommerce.Services.Catalog", "Services\Catalog\ECommerce.Services.Catalog\ECommerce.Services.Catalog.csproj", "{D193F9B1-CDEC-4FDA-891E-4D9B4D9AD6E2}"
EndProject
Project("{2150E333-8FDC-42A3-9474-1A3956D46DE8}") = "Documents", "Documents", "{34D22C76-DACF-4357-A39E-47364CDD4A11}"
	ProjectSection(SolutionItems) = preProject
		Ports.txt = Ports.txt
	EndProjectSection
EndProject
Project("{2150E333-8FDC-42A3-9474-1A3956D46DE8}") = "Shared", "Shared", "{D1352AB5-01EE-455D-8A05-BEE90F7BABE8}"
EndProject
Project("{9A19103F-16F7-4668-BE54-9A1E7A4F7556}") = "ECommerce.Shared", "ECommerce.Shared\ECommerce.Shared.csproj", "{02F084A2-535A-4BD7-B102-DB2DCDFCFF7B}"
EndProject
Project("{2150E333-8FDC-42A3-9474-1A3956D46DE8}") = "IdentityServer", "IdentityServer", "{3C50336A-BDBB-40A1-B4CC-5454BA808C5B}"
EndProject
Project("{9A19103F-16F7-4668-BE54-9A1E7A4F7556}") = "ECommerce.IdentityServer", "IdentityServer\ECommerce.IdentityServer\ECommerce.IdentityServer.csproj", "{4FBA58C3-64BC-4B16-BE3B-77DDD51F6490}"
EndProject
Project("{2150E333-8FDC-42A3-9474-1A3956D46DE8}") = "PhotoStock", "PhotoStock", "{07B5E8BA-EEB7-467D-BDB8-426E64151561}"
EndProject
Project("{9A19103F-16F7-4668-BE54-9A1E7A4F7556}") = "Ecommerce.Services.PhotoStock", "Services\PhotoStock\Ecommerce.Services.PhotoStock\Ecommerce.Services.PhotoStock.csproj", "{160EDEA3-EAE0-4FFB-B600-4B8E57367506}"
EndProject
Project("{2150E333-8FDC-42A3-9474-1A3956D46DE8}") = "Basket", "Basket", "{C218F8CB-8B26-4677-AD12-5867F2A06D26}"
EndProject
Project("{9A19103F-16F7-4668-BE54-9A1E7A4F7556}") = "ECommerce.Services.Basket", "Services\Basket\ECommerce.Services.Basket\ECommerce.Services.Basket.csproj", "{D503FDBB-1F99-4852-9AF7-A33F7CF374DF}"
	ProjectSection(ProjectDependencies) = postProject
		{02F084A2-535A-4BD7-B102-DB2DCDFCFF7B} = {02F084A2-535A-4BD7-B102-DB2DCDFCFF7B}
	EndProjectSection
EndProject
Project("{2150E333-8FDC-42A3-9474-1A3956D46DE8}") = "Discount", "Discount", "{4D73D2CD-40EC-45F0-A9F0-81BBDD5F97C0}"
EndProject
Project("{9A19103F-16F7-4668-BE54-9A1E7A4F7556}") = "ECommerce.Services.Discount", "Discount\ECommerce.Services.Discount\ECommerce.Services.Discount.csproj", "{E90D5BD4-0739-442E-B419-8AE81185F956}"
EndProject
Project("{2150E333-8FDC-42A3-9474-1A3956D46DE8}") = "Order", "Order", "{24C6633C-BD8D-463D-B475-72FD89E57EFC}"
EndProject
Project("{9A19103F-16F7-4668-BE54-9A1E7A4F7556}") = "ECommerce.Services.Order.OrderAPI", "Services\Order\ECommerce.Services.Order.OrderAPI\ECommerce.Services.Order.OrderAPI.csproj", "{18AC8392-8B18-4B71-8070-525B2473080A}"
EndProject
Project("{9A19103F-16F7-4668-BE54-9A1E7A4F7556}") = "ECommerce.Services.Order.Application", "Services\Order\ECommerce.Services.Application\ECommerce.Services.Order.Application.csproj", "{4FEFE519-FF99-4944-A759-22D094524D19}"
EndProject
Project("{9A19103F-16F7-4668-BE54-9A1E7A4F7556}") = "ECommerce.Services.Order.Domain", "Services\Order\ECommerce.Services.Order.Domain\ECommerce.Services.Order.Domain.csproj", "{FDF2657D-2735-4435-AD5D-11E3FC62DB0B}"
EndProject
Project("{9A19103F-16F7-4668-BE54-9A1E7A4F7556}") = "ECommerce.Services.Order.Domain.Core", "Services\Order\ECommerce.Services.Order.Domain.Core\ECommerce.Services.Order.Domain.Core.csproj", "{0F1EA78B-10AB-466A-939D-71E1F89E9F51}"
EndProject
Project("{9A19103F-16F7-4668-BE54-9A1E7A4F7556}") = "ECommerce.Serivces.Order.Infrastructure", "Services\Order\ECommerce.Serivces.Order.Infrastructure\ECommerce.Serivces.Order.Infrastructure.csproj", "{04A39790-03C6-44C6-AB9B-5CC1D2AE045E}"
EndProject
Project("{2150E333-8FDC-42A3-9474-1A3956D46DE8}") = "FakePayment", "FakePayment", "{57DD1832-00BF-4A38-852A-78C7200D4451}"
EndProject
Project("{9A19103F-16F7-4668-BE54-9A1E7A4F7556}") = "ECommerce.Services.FakePayment", "Services\FakePayment\ECommerce.Services.FakePayment\ECommerce.Services.FakePayment.csproj", "{A0AFA043-BBCB-4466-B35E-5329561CCBE3}"
EndProject
Project("{2150E333-8FDC-42A3-9474-1A3956D46DE8}") = "GateWays", "GateWays", "{2876927F-3C3C-4344-83FC-93EF9641A6CA}"
EndProject
Project("{9A19103F-16F7-4668-BE54-9A1E7A4F7556}") = "ECommerce.GateWays.GateWayFirst", "ECommerce.GateWays.GateWayFirst\ECommerce.GateWays.GateWayFirst.csproj", "{2EF001B2-1161-4463-8F83-8EB30A39A3CF}"
EndProject
Project("{2150E333-8FDC-42A3-9474-1A3956D46DE8}") = "Clients", "Clients", "{761DED66-4C6E-42F5-A20E-6D1F1A658B3D}"
EndProject
Project("{FAE04EC0-301F-11D3-BF4B-00C04F79EFBC}") = "ECommerce.Clients.WEB", "Clients\ECommerce.Clients.WEB\ECommerce.Clients.WEB.csproj", "{C018ADED-E6F4-43E7-8CA0-E3707C6DCA12}"
EndProject
Global
	GlobalSection(SolutionConfigurationPlatforms) = preSolution
		Debug|Any CPU = Debug|Any CPU
		Release|Any CPU = Release|Any CPU
	EndGlobalSection
	GlobalSection(ProjectConfigurationPlatforms) = postSolution
		{D193F9B1-CDEC-4FDA-891E-4D9B4D9AD6E2}.Debug|Any CPU.ActiveCfg = Debug|Any CPU
		{D193F9B1-CDEC-4FDA-891E-4D9B4D9AD6E2}.Debug|Any CPU.Build.0 = Debug|Any CPU
		{D193F9B1-CDEC-4FDA-891E-4D9B4D9AD6E2}.Release|Any CPU.ActiveCfg = Release|Any CPU
		{D193F9B1-CDEC-4FDA-891E-4D9B4D9AD6E2}.Release|Any CPU.Build.0 = Release|Any CPU
		{02F084A2-535A-4BD7-B102-DB2DCDFCFF7B}.Debug|Any CPU.ActiveCfg = Debug|Any CPU
		{02F084A2-535A-4BD7-B102-DB2DCDFCFF7B}.Debug|Any CPU.Build.0 = Debug|Any CPU
		{02F084A2-535A-4BD7-B102-DB2DCDFCFF7B}.Release|Any CPU.ActiveCfg = Release|Any CPU
		{02F084A2-535A-4BD7-B102-DB2DCDFCFF7B}.Release|Any CPU.Build.0 = Release|Any CPU
		{4FBA58C3-64BC-4B16-BE3B-77DDD51F6490}.Debug|Any CPU.ActiveCfg = Debug|Any CPU
		{4FBA58C3-64BC-4B16-BE3B-77DDD51F6490}.Debug|Any CPU.Build.0 = Debug|Any CPU
		{4FBA58C3-64BC-4B16-BE3B-77DDD51F6490}.Release|Any CPU.ActiveCfg = Release|Any CPU
		{4FBA58C3-64BC-4B16-BE3B-77DDD51F6490}.Release|Any CPU.Build.0 = Release|Any CPU
		{160EDEA3-EAE0-4FFB-B600-4B8E57367506}.Debug|Any CPU.ActiveCfg = Debug|Any CPU
		{160EDEA3-EAE0-4FFB-B600-4B8E57367506}.Debug|Any CPU.Build.0 = Debug|Any CPU
		{160EDEA3-EAE0-4FFB-B600-4B8E57367506}.Release|Any CPU.ActiveCfg = Release|Any CPU
		{160EDEA3-EAE0-4FFB-B600-4B8E57367506}.Release|Any CPU.Build.0 = Release|Any CPU
		{D503FDBB-1F99-4852-9AF7-A33F7CF374DF}.Debug|Any CPU.ActiveCfg = Debug|Any CPU
		{D503FDBB-1F99-4852-9AF7-A33F7CF374DF}.Debug|Any CPU.Build.0 = Debug|Any CPU
		{D503FDBB-1F99-4852-9AF7-A33F7CF374DF}.Release|Any CPU.ActiveCfg = Release|Any CPU
		{D503FDBB-1F99-4852-9AF7-A33F7CF374DF}.Release|Any CPU.Build.0 = Release|Any CPU
		{E90D5BD4-0739-442E-B419-8AE81185F956}.Debug|Any CPU.ActiveCfg = Debug|Any CPU
		{E90D5BD4-0739-442E-B419-8AE81185F956}.Debug|Any CPU.Build.0 = Debug|Any CPU
		{E90D5BD4-0739-442E-B419-8AE81185F956}.Release|Any CPU.ActiveCfg = Release|Any CPU
		{E90D5BD4-0739-442E-B419-8AE81185F956}.Release|Any CPU.Build.0 = Release|Any CPU
		{18AC8392-8B18-4B71-8070-525B2473080A}.Debug|Any CPU.ActiveCfg = Debug|Any CPU
		{18AC8392-8B18-4B71-8070-525B2473080A}.Debug|Any CPU.Build.0 = Debug|Any CPU
		{18AC8392-8B18-4B71-8070-525B2473080A}.Release|Any CPU.ActiveCfg = Release|Any CPU
		{18AC8392-8B18-4B71-8070-525B2473080A}.Release|Any CPU.Build.0 = Release|Any CPU
		{4FEFE519-FF99-4944-A759-22D094524D19}.Debug|Any CPU.ActiveCfg = Debug|Any CPU
		{4FEFE519-FF99-4944-A759-22D094524D19}.Debug|Any CPU.Build.0 = Debug|Any CPU
		{4FEFE519-FF99-4944-A759-22D094524D19}.Release|Any CPU.ActiveCfg = Release|Any CPU
		{4FEFE519-FF99-4944-A759-22D094524D19}.Release|Any CPU.Build.0 = Release|Any CPU
		{FDF2657D-2735-4435-AD5D-11E3FC62DB0B}.Debug|Any CPU.ActiveCfg = Debug|Any CPU
		{FDF2657D-2735-4435-AD5D-11E3FC62DB0B}.Debug|Any CPU.Build.0 = Debug|Any CPU
		{FDF2657D-2735-4435-AD5D-11E3FC62DB0B}.Release|Any CPU.ActiveCfg = Release|Any CPU
		{FDF2657D-2735-4435-AD5D-11E3FC62DB0B}.Release|Any CPU.Build.0 = Release|Any CPU
		{0F1EA78B-10AB-466A-939D-71E1F89E9F51}.Debug|Any CPU.ActiveCfg = Debug|Any CPU
		{0F1EA78B-10AB-466A-939D-71E1F89E9F51}.Debug|Any CPU.Build.0 = Debug|Any CPU
		{0F1EA78B-10AB-466A-939D-71E1F89E9F51}.Release|Any CPU.ActiveCfg = Release|Any CPU
		{0F1EA78B-10AB-466A-939D-71E1F89E9F51}.Release|Any CPU.Build.0 = Release|Any CPU
		{04A39790-03C6-44C6-AB9B-5CC1D2AE045E}.Debug|Any CPU.ActiveCfg = Debug|Any CPU
		{04A39790-03C6-44C6-AB9B-5CC1D2AE045E}.Debug|Any CPU.Build.0 = Debug|Any CPU
		{04A39790-03C6-44C6-AB9B-5CC1D2AE045E}.Release|Any CPU.ActiveCfg = Release|Any CPU
		{04A39790-03C6-44C6-AB9B-5CC1D2AE045E}.Release|Any CPU.Build.0 = Release|Any CPU
		{A0AFA043-BBCB-4466-B35E-5329561CCBE3}.Debug|Any CPU.ActiveCfg = Debug|Any CPU
		{A0AFA043-BBCB-4466-B35E-5329561CCBE3}.Debug|Any CPU.Build.0 = Debug|Any CPU
		{A0AFA043-BBCB-4466-B35E-5329561CCBE3}.Release|Any CPU.ActiveCfg = Release|Any CPU
		{A0AFA043-BBCB-4466-B35E-5329561CCBE3}.Release|Any CPU.Build.0 = Release|Any CPU
		{2EF001B2-1161-4463-8F83-8EB30A39A3CF}.Debug|Any CPU.ActiveCfg = Debug|Any CPU
		{2EF001B2-1161-4463-8F83-8EB30A39A3CF}.Debug|Any CPU.Build.0 = Debug|Any CPU
		{2EF001B2-1161-4463-8F83-8EB30A39A3CF}.Release|Any CPU.ActiveCfg = Release|Any CPU
		{2EF001B2-1161-4463-8F83-8EB30A39A3CF}.Release|Any CPU.Build.0 = Release|Any CPU
		{C018ADED-E6F4-43E7-8CA0-E3707C6DCA12}.Debug|Any CPU.ActiveCfg = Debug|Any CPU
		{C018ADED-E6F4-43E7-8CA0-E3707C6DCA12}.Debug|Any CPU.Build.0 = Debug|Any CPU
		{C018ADED-E6F4-43E7-8CA0-E3707C6DCA12}.Release|Any CPU.ActiveCfg = Release|Any CPU
		{C018ADED-E6F4-43E7-8CA0-E3707C6DCA12}.Release|Any CPU.Build.0 = Release|Any CPU
	EndGlobalSection
	GlobalSection(SolutionProperties) = preSolution
		HideSolutionNode = FALSE
	EndGlobalSection
	GlobalSection(NestedProjects) = preSolution
		{D6E84B93-DD8C-4C83-9D94-118978FD9735} = {329FB952-0C7B-416C-B5DB-4751BF886350}
		{D193F9B1-CDEC-4FDA-891E-4D9B4D9AD6E2} = {D6E84B93-DD8C-4C83-9D94-118978FD9735}
		{02F084A2-535A-4BD7-B102-DB2DCDFCFF7B} = {D1352AB5-01EE-455D-8A05-BEE90F7BABE8}
		{4FBA58C3-64BC-4B16-BE3B-77DDD51F6490} = {3C50336A-BDBB-40A1-B4CC-5454BA808C5B}
		{07B5E8BA-EEB7-467D-BDB8-426E64151561} = {329FB952-0C7B-416C-B5DB-4751BF886350}
		{160EDEA3-EAE0-4FFB-B600-4B8E57367506} = {07B5E8BA-EEB7-467D-BDB8-426E64151561}
		{C218F8CB-8B26-4677-AD12-5867F2A06D26} = {329FB952-0C7B-416C-B5DB-4751BF886350}
		{D503FDBB-1F99-4852-9AF7-A33F7CF374DF} = {C218F8CB-8B26-4677-AD12-5867F2A06D26}
		{4D73D2CD-40EC-45F0-A9F0-81BBDD5F97C0} = {329FB952-0C7B-416C-B5DB-4751BF886350}
		{E90D5BD4-0739-442E-B419-8AE81185F956} = {4D73D2CD-40EC-45F0-A9F0-81BBDD5F97C0}
		{24C6633C-BD8D-463D-B475-72FD89E57EFC} = {329FB952-0C7B-416C-B5DB-4751BF886350}
		{18AC8392-8B18-4B71-8070-525B2473080A} = {24C6633C-BD8D-463D-B475-72FD89E57EFC}
		{4FEFE519-FF99-4944-A759-22D094524D19} = {24C6633C-BD8D-463D-B475-72FD89E57EFC}
		{FDF2657D-2735-4435-AD5D-11E3FC62DB0B} = {24C6633C-BD8D-463D-B475-72FD89E57EFC}
		{0F1EA78B-10AB-466A-939D-71E1F89E9F51} = {24C6633C-BD8D-463D-B475-72FD89E57EFC}
		{04A39790-03C6-44C6-AB9B-5CC1D2AE045E} = {24C6633C-BD8D-463D-B475-72FD89E57EFC}
		{57DD1832-00BF-4A38-852A-78C7200D4451} = {329FB952-0C7B-416C-B5DB-4751BF886350}
		{A0AFA043-BBCB-4466-B35E-5329561CCBE3} = {57DD1832-00BF-4A38-852A-78C7200D4451}
		{2EF001B2-1161-4463-8F83-8EB30A39A3CF} = {2876927F-3C3C-4344-83FC-93EF9641A6CA}
		{C018ADED-E6F4-43E7-8CA0-E3707C6DCA12} = {761DED66-4C6E-42F5-A20E-6D1F1A658B3D}
	EndGlobalSection
	GlobalSection(ExtensibilityGlobals) = postSolution
		SolutionGuid = {2827C4CE-A342-4F06-BDD1-951CCA257F7A}
	EndGlobalSection
EndGlobal
