
Microsoft Visual Studio Solution File, Format Version 12.00
# Visual Studio Version 17
VisualStudioVersion = 17.4.33205.214
MinimumVisualStudioVersion = 10.0.40219.1
Project("{2150E333-8FDC-42A3-9474-1A3956D46DE8}") = "Services", "Services", "{329FB952-0C7B-416C-B5DB-4751BF886350}"
EndProject
Project("{2150E333-8FDC-42A3-9474-1A3956D46DE8}") = "Catalog", "Catalog", "{D6E84B93-DD8C-4C83-9D94-118978FD9735}"
EndProject
Project("{9A19103F-16F7-4668-BE54-9A1E7A4F7556}") = "ECommerce.Services.Catalog", "Services\Catalog\ECommerce.Services.Catalog\ECommerce.Services.Catalog.csproj", "{D193F9B1-CDEC-4FDA-891E-4D9B4D9AD6E2}"
EndProject
Project("{2150E333-8FDC-42A3-9474-1A3956D46DE8}") = "Documents", "Documents", "{34D22C76-DACF-4357-A39E-47364CDD4A11}"
	ProjectSection(SolutionItems) = preProject
		Ports.txt = Ports.txt
	EndProjectSection
EndProject
Project("{2150E333-8FDC-42A3-9474-1A3956D46DE8}") = "Shared", "Shared", "{D1352AB5-01EE-455D-8A05-BEE90F7BABE8}"
EndProject
Project("{9A19103F-16F7-4668-BE54-9A1E7A4F7556}") = "ECommerce.Shared", "ECommerce.Shared\ECommerce.Shared.csproj", "{02F084A2-535A-4BD7-B102-DB2DCDFCFF7B}"
EndProject
Project("{2150E333-8FDC-42A3-9474-1A3956D46DE8}") = "IdentityServer", "IdentityServer", "{3C50336A-BDBB-40A1-B4CC-5454BA808C5B}"
EndProject
Project("{9A19103F-16F7-4668-BE54-9A1E7A4F7556}") = "ECommerce.IdentityServer", "IdentityServer\ECommerce.IdentityServer\ECommerce.IdentityServer.csproj", "{4FBA58C3-64BC-4B16-BE3B-77DDD51F6490}"
EndProject
Project("{2150E333-8FDC-42A3-9474-1A3956D46DE8}") = "PhotoStock", "PhotoStock", "{07B5E8BA-EEB7-467D-BDB8-426E64151561}"
EndProject
Project("{9A19103F-16F7-4668-BE54-9A1E7A4F7556}") = "Ecommerce.Services.PhotoStock", "Services\PhotoStock\Ecommerce.Services.PhotoStock\Ecommerce.Services.PhotoStock.csproj", "{160EDEA3-EAE0-4FFB-B600-4B8E57367506}"
EndProject
Project("{2150E333-8FDC-42A3-9474-1A3956D46DE8}") = "Basket", "Basket", "{C218F8CB-8B26-4677-AD12-5867F2A06D26}"
EndProject
Project("{FAE04EC0-301F-11D3-BF4B-00C04F79EFBC}") = "ECommerce.Services.Basket", "Services\Basket\ECommerce.Services.Basket\ECommerce.Services.Basket.csproj", "{D503FDBB-1F99-4852-9AF7-A33F7CF374DF}"
	ProjectSection(ProjectDependencies) = postProject
		{02F084A2-535A-4BD7-B102-DB2DCDFCFF7B} = {02F084A2-535A-4BD7-B102-DB2DCDFCFF7B}
	EndProjectSection
EndProject
Global
	GlobalSection(SolutionConfigurationPlatforms) = preSolution
		Debug|Any CPU = Debug|Any CPU
		Release|Any CPU = Release|Any CPU
	EndGlobalSection
	GlobalSection(ProjectConfigurationPlatforms) = postSolution
		{D193F9B1-CDEC-4FDA-891E-4D9B4D9AD6E2}.Debug|Any CPU.ActiveCfg = Debug|Any CPU
		{D193F9B1-CDEC-4FDA-891E-4D9B4D9AD6E2}.Debug|Any CPU.Build.0 = Debug|Any CPU
		{D193F9B1-CDEC-4FDA-891E-4D9B4D9AD6E2}.Release|Any CPU.ActiveCfg = Release|Any CPU
		{D193F9B1-CDEC-4FDA-891E-4D9B4D9AD6E2}.Release|Any CPU.Build.0 = Release|Any CPU
		{02F084A2-535A-4BD7-B102-DB2DCDFCFF7B}.Debug|Any CPU.ActiveCfg = Debug|Any CPU
		{02F084A2-535A-4BD7-B102-DB2DCDFCFF7B}.Debug|Any CPU.Build.0 = Debug|Any CPU
		{02F084A2-535A-4BD7-B102-DB2DCDFCFF7B}.Release|Any CPU.ActiveCfg = Release|Any CPU
		{02F084A2-535A-4BD7-B102-DB2DCDFCFF7B}.Release|Any CPU.Build.0 = Release|Any CPU
		{4FBA58C3-64BC-4B16-BE3B-77DDD51F6490}.Debug|Any CPU.ActiveCfg = Debug|Any CPU
		{4FBA58C3-64BC-4B16-BE3B-77DDD51F6490}.Debug|Any CPU.Build.0 = Debug|Any CPU
		{4FBA58C3-64BC-4B16-BE3B-77DDD51F6490}.Release|Any CPU.ActiveCfg = Release|Any CPU
		{4FBA58C3-64BC-4B16-BE3B-77DDD51F6490}.Release|Any CPU.Build.0 = Release|Any CPU
		{160EDEA3-EAE0-4FFB-B600-4B8E57367506}.Debug|Any CPU.ActiveCfg = Debug|Any CPU
		{160EDEA3-EAE0-4FFB-B600-4B8E57367506}.Debug|Any CPU.Build.0 = Debug|Any CPU
		{160EDEA3-EAE0-4FFB-B600-4B8E57367506}.Release|Any CPU.ActiveCfg = Release|Any CPU
		{160EDEA3-EAE0-4FFB-B600-4B8E57367506}.Release|Any CPU.Build.0 = Release|Any CPU
		{D503FDBB-1F99-4852-9AF7-A33F7CF374DF}.Debug|Any CPU.ActiveCfg = Debug|Any CPU
		{D503FDBB-1F99-4852-9AF7-A33F7CF374DF}.Debug|Any CPU.Build.0 = Debug|Any CPU
		{D503FDBB-1F99-4852-9AF7-A33F7CF374DF}.Release|Any CPU.ActiveCfg = Release|Any CPU
		{D503FDBB-1F99-4852-9AF7-A33F7CF374DF}.Release|Any CPU.Build.0 = Release|Any CPU
	EndGlobalSection
	GlobalSection(SolutionProperties) = preSolution
		HideSolutionNode = FALSE
	EndGlobalSection
	GlobalSection(NestedProjects) = preSolution
		{D6E84B93-DD8C-4C83-9D94-118978FD9735} = {329FB952-0C7B-416C-B5DB-4751BF886350}
		{D193F9B1-CDEC-4FDA-891E-4D9B4D9AD6E2} = {D6E84B93-DD8C-4C83-9D94-118978FD9735}
		{02F084A2-535A-4BD7-B102-DB2DCDFCFF7B} = {D1352AB5-01EE-455D-8A05-BEE90F7BABE8}
		{4FBA58C3-64BC-4B16-BE3B-77DDD51F6490} = {3C50336A-BDBB-40A1-B4CC-5454BA808C5B}
		{07B5E8BA-EEB7-467D-BDB8-426E64151561} = {329FB952-0C7B-416C-B5DB-4751BF886350}
		{160EDEA3-EAE0-4FFB-B600-4B8E57367506} = {07B5E8BA-EEB7-467D-BDB8-426E64151561}
		{C218F8CB-8B26-4677-AD12-5867F2A06D26} = {329FB952-0C7B-416C-B5DB-4751BF886350}
		{D503FDBB-1F99-4852-9AF7-A33F7CF374DF} = {C218F8CB-8B26-4677-AD12-5867F2A06D26}
	EndGlobalSection
	GlobalSection(ExtensibilityGlobals) = postSolution
		SolutionGuid = {2827C4CE-A342-4F06-BDD1-951CCA257F7A}
	EndGlobalSection
EndGlobal
